
Microsoft Visual Studio Solution File, Format Version 12.00
# Visual Studio 15
VisualStudioVersion = 15.0.27703.2035
MinimumVisualStudioVersion = 10.0.40219.1
Project("{00D1A9C2-B5F0-4AF3-8072-F6C62B433612}") = "EmployeeDB", "EmployeeDB\EmployeeDB.sqlproj", "{807FFCA2-8C46-4570-82B2-353687579213}"
EndProject
Project("{FAE04EC0-301F-11D3-BF4B-00C04F79EFBC}") = "EmployeeApp", "EmployeeApp\EmployeeApp.csproj", "{3BDB1CDD-A5FB-49B4-9BC3-4E0DD755E6FB}"
EndProject
Global
	GlobalSection(SolutionConfigurationPlatforms) = preSolution
		Debug|Any CPU = Debug|Any CPU
		Release|Any CPU = Release|Any CPU
	EndGlobalSection
	GlobalSection(ProjectConfigurationPlatforms) = postSolution
		{807FFCA2-8C46-4570-82B2-353687579213}.Debug|Any CPU.ActiveCfg = Debug|Any CPU
		{807FFCA2-8C46-4570-82B2-353687579213}.Debug|Any CPU.Build.0 = Debug|Any CPU
		{807FFCA2-8C46-4570-82B2-353687579213}.Debug|Any CPU.Deploy.0 = Debug|Any CPU
		{807FFCA2-8C46-4570-82B2-353687579213}.Release|Any CPU.ActiveCfg = Release|Any CPU
		{807FFCA2-8C46-4570-82B2-353687579213}.Release|Any CPU.Build.0 = Release|Any CPU
		{807FFCA2-8C46-4570-82B2-353687579213}.Release|Any CPU.Deploy.0 = Release|Any CPU
		{3BDB1CDD-A5FB-49B4-9BC3-4E0DD755E6FB}.Debug|Any CPU.ActiveCfg = Debug|Any CPU
		{3BDB1CDD-A5FB-49B4-9BC3-4E0DD755E6FB}.Debug|Any CPU.Build.0 = Debug|Any CPU
		{3BDB1CDD-A5FB-49B4-9BC3-4E0DD755E6FB}.Release|Any CPU.ActiveCfg = Release|Any CPU
		{3BDB1CDD-A5FB-49B4-9BC3-4E0DD755E6FB}.Release|Any CPU.Build.0 = Release|Any CPU
	EndGlobalSection
	GlobalSection(SolutionProperties) = preSolution
		HideSolutionNode = FALSE
	EndGlobalSection
	GlobalSection(ExtensibilityGlobals) = postSolution
		SolutionGuid = {2F290C24-2D78-4F40-87BB-6633361C3832}
	EndGlobalSection
EndGlobal
